
Microsoft Visual Studio Solution File, Format Version 12.00
# Visual Studio Version 16
VisualStudioVersion = 16.0.31515.178
MinimumVisualStudioVersion = 10.0.40219.1
Project("{FAE04EC0-301F-11D3-BF4B-00C04F79EFBC}") = "WeatherApp.Android", "WeatherApp\WeatherApp.Android\WeatherApp.Android.csproj", "{2B0966D9-3A66-45E4-BEE9-108A996C6989}"
EndProject
Project("{FAE04EC0-301F-11D3-BF4B-00C04F79EFBC}") = "WeatherApp.iOS", "WeatherApp\WeatherApp.iOS\WeatherApp.iOS.csproj", "{286EF903-1E7D-4EC8-9452-89D8E691C186}"
EndProject
Project("{FAE04EC0-301F-11D3-BF4B-00C04F79EFBC}") = "WeatherApp", "WeatherApp\WeatherApp\WeatherApp.csproj", "{158DCBD3-02CB-48E5-9138-EB419DDDC522}"
EndProject
Global
	GlobalSection(SolutionConfigurationPlatforms) = preSolution
		Debug|Any CPU = Debug|Any CPU
		Debug|iPhone = Debug|iPhone
		Debug|iPhoneSimulator = Debug|iPhoneSimulator
		Release|Any CPU = Release|Any CPU
		Release|iPhone = Release|iPhone
		Release|iPhoneSimulator = Release|iPhoneSimulator
	EndGlobalSection
	GlobalSection(ProjectConfigurationPlatforms) = postSolution
		{2B0966D9-3A66-45E4-BEE9-108A996C6989}.Debug|Any CPU.ActiveCfg = Debug|Any CPU
		{2B0966D9-3A66-45E4-BEE9-108A996C6989}.Debug|Any CPU.Build.0 = Debug|Any CPU
		{2B0966D9-3A66-45E4-BEE9-108A996C6989}.Debug|Any CPU.Deploy.0 = Debug|Any CPU
		{2B0966D9-3A66-45E4-BEE9-108A996C6989}.Debug|iPhone.ActiveCfg = Debug|Any CPU
		{2B0966D9-3A66-45E4-BEE9-108A996C6989}.Debug|iPhone.Build.0 = Debug|Any CPU
		{2B0966D9-3A66-45E4-BEE9-108A996C6989}.Debug|iPhone.Deploy.0 = Debug|Any CPU
		{2B0966D9-3A66-45E4-BEE9-108A996C6989}.Debug|iPhoneSimulator.ActiveCfg = Debug|Any CPU
		{2B0966D9-3A66-45E4-BEE9-108A996C6989}.Debug|iPhoneSimulator.Build.0 = Debug|Any CPU
		{2B0966D9-3A66-45E4-BEE9-108A996C6989}.Debug|iPhoneSimulator.Deploy.0 = Debug|Any CPU
		{2B0966D9-3A66-45E4-BEE9-108A996C6989}.Release|Any CPU.ActiveCfg = Release|Any CPU
		{2B0966D9-3A66-45E4-BEE9-108A996C6989}.Release|Any CPU.Build.0 = Release|Any CPU
		{2B0966D9-3A66-45E4-BEE9-108A996C6989}.Release|Any CPU.Deploy.0 = Release|Any CPU
		{2B0966D9-3A66-45E4-BEE9-108A996C6989}.Release|iPhone.ActiveCfg = Release|Any CPU
		{2B0966D9-3A66-45E4-BEE9-108A996C6989}.Release|iPhone.Build.0 = Release|Any CPU
		{2B0966D9-3A66-45E4-BEE9-108A996C6989}.Release|iPhone.Deploy.0 = Release|Any CPU
		{2B0966D9-3A66-45E4-BEE9-108A996C6989}.Release|iPhoneSimulator.ActiveCfg = Release|Any CPU
		{2B0966D9-3A66-45E4-BEE9-108A996C6989}.Release|iPhoneSimulator.Build.0 = Release|Any CPU
		{2B0966D9-3A66-45E4-BEE9-108A996C6989}.Release|iPhoneSimulator.Deploy.0 = Release|Any CPU
		{286EF903-1E7D-4EC8-9452-89D8E691C186}.Debug|Any CPU.ActiveCfg = Debug|iPhone
		{286EF903-1E7D-4EC8-9452-89D8E691C186}.Debug|Any CPU.Build.0 = Debug|iPhone
		{286EF903-1E7D-4EC8-9452-89D8E691C186}.Debug|Any CPU.Deploy.0 = Debug|iPhone
		{286EF903-1E7D-4EC8-9452-89D8E691C186}.Debug|iPhone.ActiveCfg = Debug|iPhone
		{286EF903-1E7D-4EC8-9452-89D8E691C186}.Debug|iPhone.Build.0 = Debug|iPhone
		{286EF903-1E7D-4EC8-9452-89D8E691C186}.Debug|iPhone.Deploy.0 = Debug|iPhone
		{286EF903-1E7D-4EC8-9452-89D8E691C186}.Debug|iPhoneSimulator.ActiveCfg = Debug|iPhoneSimulator
		{286EF903-1E7D-4EC8-9452-89D8E691C186}.Debug|iPhoneSimulator.Build.0 = Debug|iPhoneSimulator
		{286EF903-1E7D-4EC8-9452-89D8E691C186}.Debug|iPhoneSimulator.Deploy.0 = Debug|iPhoneSimulator
		{286EF903-1E7D-4EC8-9452-89D8E691C186}.Release|Any CPU.ActiveCfg = Release|iPhoneSimulator
		{286EF903-1E7D-4EC8-9452-89D8E691C186}.Release|Any CPU.Build.0 = Release|iPhoneSimulator
		{286EF903-1E7D-4EC8-9452-89D8E691C186}.Release|Any CPU.Deploy.0 = Release|iPhoneSimulator
		{286EF903-1E7D-4EC8-9452-89D8E691C186}.Release|iPhone.ActiveCfg = Release|iPhone
		{286EF903-1E7D-4EC8-9452-89D8E691C186}.Release|iPhone.Build.0 = Release|iPhone
		{286EF903-1E7D-4EC8-9452-89D8E691C186}.Release|iPhone.Deploy.0 = Release|iPhone
		{286EF903-1E7D-4EC8-9452-89D8E691C186}.Release|iPhoneSimulator.ActiveCfg = Release|iPhoneSimulator
		{286EF903-1E7D-4EC8-9452-89D8E691C186}.Release|iPhoneSimulator.Build.0 = Release|iPhoneSimulator
		{286EF903-1E7D-4EC8-9452-89D8E691C186}.Release|iPhoneSimulator.Deploy.0 = Release|iPhoneSimulator
		{158DCBD3-02CB-48E5-9138-EB419DDDC522}.Debug|Any CPU.ActiveCfg = Debug|Any CPU
		{158DCBD3-02CB-48E5-9138-EB419DDDC522}.Debug|Any CPU.Build.0 = Debug|Any CPU
		{158DCBD3-02CB-48E5-9138-EB419DDDC522}.Debug|Any CPU.Deploy.0 = Debug|Any CPU
		{158DCBD3-02CB-48E5-9138-EB419DDDC522}.Debug|iPhone.ActiveCfg = Debug|Any CPU
		{158DCBD3-02CB-48E5-9138-EB419DDDC522}.Debug|iPhone.Build.0 = Debug|Any CPU
		{158DCBD3-02CB-48E5-9138-EB419DDDC522}.Debug|iPhone.Deploy.0 = Debug|Any CPU
		{158DCBD3-02CB-48E5-9138-EB419DDDC522}.Debug|iPhoneSimulator.ActiveCfg = Debug|Any CPU
		{158DCBD3-02CB-48E5-9138-EB419DDDC522}.Debug|iPhoneSimulator.Build.0 = Debug|Any CPU
		{158DCBD3-02CB-48E5-9138-EB419DDDC522}.Debug|iPhoneSimulator.Deploy.0 = Debug|Any CPU
		{158DCBD3-02CB-48E5-9138-EB419DDDC522}.Release|Any CPU.ActiveCfg = Release|Any CPU
		{158DCBD3-02CB-48E5-9138-EB419DDDC522}.Release|Any CPU.Build.0 = Release|Any CPU
		{158DCBD3-02CB-48E5-9138-EB419DDDC522}.Release|Any CPU.Deploy.0 = Release|Any CPU
		{158DCBD3-02CB-48E5-9138-EB419DDDC522}.Release|iPhone.ActiveCfg = Release|Any CPU
		{158DCBD3-02CB-48E5-9138-EB419DDDC522}.Release|iPhone.Build.0 = Release|Any CPU
		{158DCBD3-02CB-48E5-9138-EB419DDDC522}.Release|iPhone.Deploy.0 = Release|Any CPU
		{158DCBD3-02CB-48E5-9138-EB419DDDC522}.Release|iPhoneSimulator.ActiveCfg = Release|Any CPU
		{158DCBD3-02CB-48E5-9138-EB419DDDC522}.Release|iPhoneSimulator.Build.0 = Release|Any CPU
		{158DCBD3-02CB-48E5-9138-EB419DDDC522}.Release|iPhoneSimulator.Deploy.0 = Release|Any CPU
	EndGlobalSection
	GlobalSection(SolutionProperties) = preSolution
		HideSolutionNode = FALSE
	EndGlobalSection
	GlobalSection(ExtensibilityGlobals) = postSolution
		SolutionGuid = {4263163F-94B2-4F81-8EF2-397C97E573D6}
	EndGlobalSection
EndGlobal
